{
  "name": "stacker-logger",
  "version": "0.1.2",
  "dependencies": {
    "coffee-script": {
      "version": "1.9.1",
      "from": "coffee-script@1.9.1",
      "resolved": "git+https://github.com/jashkenas/coffee-script#c2758da9ebee163de283c107a8b387e0942371c2"
    },
    "winston": {
      "version": "0.9.0",
      "from": "winston@0.9.0",
      "resolved": "https://registry.npmjs.org/winston/-/winston-0.9.0.tgz",
      "dependencies": {
        "async": {
          "version": "0.9.0",
          "from": "async@0.9.x",
          "resolved": "https://registry.npmjs.org/async/-/async-0.9.0.tgz"
        },
        "colors": {
          "version": "1.0.3",
          "from": "colors@1.0.x",
          "resolved": "https://registry.npmjs.org/colors/-/colors-1.0.3.tgz"
        },
        "cycle": {
          "version": "1.0.3",
          "from": "cycle@1.0.x",
          "resolved": "https://registry.npmjs.org/cycle/-/cycle-1.0.3.tgz"
        },
        "eyes": {
          "version": "0.1.8",
          "from": "eyes@0.1.x",
          "resolved": "https://registry.npmjs.org/eyes/-/eyes-0.1.8.tgz"
        },
        "isstream": {
          "version": "0.1.1",
          "from": "isstream@0.1.x",
          "resolved": "https://registry.npmjs.org/isstream/-/isstream-0.1.1.tgz"
        },
        "pkginfo": {
          "version": "0.3.0",
          "from": "pkginfo@0.3.x",
          "resolved": "https://registry.npmjs.org/pkginfo/-/pkginfo-0.3.0.tgz"
        },
        "stack-trace": {
          "version": "0.0.9",
          "from": "stack-trace@0.0.x",
          "resolved": "https://registry.npmjs.org/stack-trace/-/stack-trace-0.0.9.tgz"
        }
      }
    }
  }
}
